
Microsoft Visual Studio Solution File, Format Version 12.00
# Visual Studio Version 16
VisualStudioVersion = 16.0.31729.503
MinimumVisualStudioVersion = 10.0.40219.1
Project("{9A19103F-16F7-4668-BE54-9A1E7A4F7556}") = "ExampleApp", "ExampleApp.csproj", "{DB968791-4516-476E-9A8A-4C4C02972A49}"
EndProject
Global
	GlobalSection(SolutionConfigurationPlatforms) = preSolution
		Debug|Any CPU = Debug|Any CPU
		Release|Any CPU = Release|Any CPU
	EndGlobalSection
	GlobalSection(ProjectConfigurationPlatforms) = postSolution
		{DB968791-4516-476E-9A8A-4C4C02972A49}.Debug|Any CPU.ActiveCfg = Debug|Any CPU
		{DB968791-4516-476E-9A8A-4C4C02972A49}.Debug|Any CPU.Build.0 = Debug|Any CPU
		{DB968791-4516-476E-9A8A-4C4C02972A49}.Release|Any CPU.ActiveCfg = Release|Any CPU
		{DB968791-4516-476E-9A8A-4C4C02972A49}.Release|Any CPU.Build.0 = Release|Any CPU
	EndGlobalSection
	GlobalSection(SolutionProperties) = preSolution
		HideSolutionNode = FALSE
	EndGlobalSection
	GlobalSection(ExtensibilityGlobals) = postSolution
		SolutionGuid = {33964A18-EAFB-4C78-BE32-464DE1B49E2E}
	EndGlobalSection
EndGlobal
